
Microsoft Visual Studio Solution File, Format Version 12.00
# Visual Studio Version 16
VisualStudioVersion = 16.0.29123.89
MinimumVisualStudioVersion = 10.0.40219.1
Project("{9A19103F-16F7-4668-BE54-9A1E7A4F7556}") = "SimpleConsole", "SimpleConsole\SimpleConsole.csproj", "{28638E9D-56F7-474B-97FC-B9FBE5C2693E}"
EndProject
Project("{9A19103F-16F7-4668-BE54-9A1E7A4F7556}") = "FromTemplate", "FromTemplate\FromTemplate.csproj", "{8F22A1E2-97D4-495B-815E-2C0694742767}"
EndProject
Global
	GlobalSection(SolutionConfigurationPlatforms) = preSolution
		Debug|Any CPU = Debug|Any CPU
		Release|Any CPU = Release|Any CPU
	EndGlobalSection
	GlobalSection(ProjectConfigurationPlatforms) = postSolution
		{28638E9D-56F7-474B-97FC-B9FBE5C2693E}.Debug|Any CPU.ActiveCfg = Debug|Any CPU
		{28638E9D-56F7-474B-97FC-B9FBE5C2693E}.Debug|Any CPU.Build.0 = Debug|Any CPU
		{28638E9D-56F7-474B-97FC-B9FBE5C2693E}.Release|Any CPU.ActiveCfg = Release|Any CPU
		{28638E9D-56F7-474B-97FC-B9FBE5C2693E}.Release|Any CPU.Build.0 = Release|Any CPU
		{8F22A1E2-97D4-495B-815E-2C0694742767}.Debug|Any CPU.ActiveCfg = Debug|Any CPU
		{8F22A1E2-97D4-495B-815E-2C0694742767}.Debug|Any CPU.Build.0 = Debug|Any CPU
		{8F22A1E2-97D4-495B-815E-2C0694742767}.Release|Any CPU.ActiveCfg = Release|Any CPU
		{8F22A1E2-97D4-495B-815E-2C0694742767}.Release|Any CPU.Build.0 = Release|Any CPU
	EndGlobalSection
	GlobalSection(SolutionProperties) = preSolution
		HideSolutionNode = FALSE
	EndGlobalSection
	GlobalSection(ExtensibilityGlobals) = postSolution
		SolutionGuid = {7681C8D0-5AD3-4D92-84FA-28699DC9DAC2}
	EndGlobalSection
EndGlobal
